{
  "name": "anonymous-names",
  "version": "0.0.1",
  "lockfileVersion": 2,
  "requires": true,
  "packages": {
    "": {
      "name": "anonymous-names",
      "version": "0.0.1",
      "license": "MIT",
      "dependencies": {
        "anonymous-names": "^0.0.3"
      },
      "devDependencies": {
        "@types/node": "^18.7.11"
      }
    },
    "node_modules/@types/node": {
      "version": "18.7.11",
      "resolved": "https://registry.npmjs.org/@types/node/-/node-18.7.11.tgz",
      "integrity": "sha512-KZhFpSLlmK/sdocfSAjqPETTMd0ug6HIMIAwkwUpU79olnZdQtMxpQP+G1wDzCH7na+FltSIhbaZuKdwZ8RDrw==",
      "dev": true
    },
    "node_modules/anonymous-names": {
      "version": "0.0.3",
      "resolved": "https://registry.npmjs.org/anonymous-names/-/anonymous-names-0.0.3.tgz",
      "integrity": "sha512-BiGgQak8kEneJYmmdKW3zu0KdmyJ5lpiKvqsJqr8ta2UKGudPa0vYasSq6cYoYw2YjJKQ2BJdIHyDXTrZeLbLw=="
    }
  },
  "dependencies": {
    "@types/node": {
      "version": "18.7.11",
      "resolved": "https://registry.npmjs.org/@types/node/-/node-18.7.11.tgz",
      "integrity": "sha512-KZhFpSLlmK/sdocfSAjqPETTMd0ug6HIMIAwkwUpU79olnZdQtMxpQP+G1wDzCH7na+FltSIhbaZuKdwZ8RDrw==",
      "dev": true
    },
    "anonymous-names": {
      "version": "0.0.3",
      "resolved": "https://registry.npmjs.org/anonymous-names/-/anonymous-names-0.0.3.tgz",
      "integrity": "sha512-BiGgQak8kEneJYmmdKW3zu0KdmyJ5lpiKvqsJqr8ta2UKGudPa0vYasSq6cYoYw2YjJKQ2BJdIHyDXTrZeLbLw=="
    }
  }
}
